
Microsoft Visual Studio Solution File, Format Version 12.00
# Visual Studio Version 17
VisualStudioVersion = 17.0.32112.339
MinimumVisualStudioVersion = 10.0.40219.1
Project("{FAE04EC0-301F-11D3-BF4B-00C04F79EFBC}") = "FinalTest", "FinalTest.csproj", "{B3BC2F03-BA30-48F8-8A88-1CA8A51FE1FB}"
EndProject
Global
	GlobalSection(SolutionConfigurationPlatforms) = preSolution
		Debug|Any CPU = Debug|Any CPU
		Release|Any CPU = Release|Any CPU
	EndGlobalSection
	GlobalSection(ProjectConfigurationPlatforms) = postSolution
		{B3BC2F03-BA30-48F8-8A88-1CA8A51FE1FB}.Debug|Any CPU.ActiveCfg = Debug|Any CPU
		{B3BC2F03-BA30-48F8-8A88-1CA8A51FE1FB}.Debug|Any CPU.Build.0 = Debug|Any CPU
		{B3BC2F03-BA30-48F8-8A88-1CA8A51FE1FB}.Release|Any CPU.ActiveCfg = Release|Any CPU
		{B3BC2F03-BA30-48F8-8A88-1CA8A51FE1FB}.Release|Any CPU.Build.0 = Release|Any CPU
	EndGlobalSection
	GlobalSection(SolutionProperties) = preSolution
		HideSolutionNode = FALSE
	EndGlobalSection
	GlobalSection(ExtensibilityGlobals) = postSolution
		SolutionGuid = {0B0D5A19-255C-4A81-9B57-BD0D729EB581}
	EndGlobalSection
EndGlobal
